{
  "name": "workflow_visualizer",
  "version": "1.0.0",
  "lockfileVersion": 1,
  "requires": true,
  "dependencies": {
    "codemirror": {
      "version": "5.58.2",
      "resolved": "https://registry.npmjs.org/codemirror/-/codemirror-5.58.2.tgz",
      "integrity": "sha512-K/hOh24cCwRutd1Mk3uLtjWzNISOkm4fvXiMO7LucCrqbh6aJDdtqUziim3MZUI6wOY0rvY1SlL1Ork01uMy6w=="
    },
    "vis-network": {
      "version": "7.3.1",
      "resolved": "https://registry.npmjs.org/vis-network/-/vis-network-7.3.1.tgz",
      "integrity": "sha512-zuNSXcwMGCdlRqNDwq1npT6vHeTD66W/M37Sv66UhKm/ccffOLCbd4udg7Ec8n/qVAgTN4obg3sfQVumSF5mcA=="
    }
  }
}
